{
  "version": 4,
  "terraform_version": "0.13.5",
  "serial": 4,
  "lineage": "ff7e774a-90c1-271b-2f30-56ecbc810ff6",
  "outputs": {
    "certificate_arn": {
      "value": "arn:aws:acm:us-east-2:259760847234:certificate/e5702242-dd14-4109-96c0-94eadcb51696",
      "type": "string"
    },
    "issue_domain": {
      "value": "222205-backstage-poc.sandbox.squigglelines.com",
      "type": "string"
    },
    "san_domains": {
      "value": "",
      "type": "string"
    }
  },
  "resources": [
    {
      "mode": "data",
      "type": "aws_route53_zone",
      "name": "selected",
      "provider": "provider[\"registry.terraform.io/hashicorp/aws\"]",
      "instances": [
        {
          "schema_version": 0,
          "attributes": {
            "caller_reference": "13D60ACF-888B-147F-9C13-9644B0DD4DF5",
            "comment": "",
            "id": "Z3FWRREHSOU50P",
            "linked_service_description": null,
            "linked_service_principal": null,
            "name": "sandbox.squigglelines.com.",
            "name_servers": [
              "ns-908.awsdns-49.net",
              "ns-405.awsdns-50.com",
              "ns-1067.awsdns-05.org",
              "ns-1827.awsdns-36.co.uk"
            ],
            "private_zone": false,
            "resource_record_set_count": 41,
            "tags": {},
            "vpc_id": null,
            "zone_id": "Z3FWRREHSOU50P"
          }
        }
      ]
    },
    {
      "mode": "managed",
      "type": "aws_acm_certificate",
      "name": "cert",
      "provider": "provider[\"registry.terraform.io/hashicorp/aws\"]",
      "instances": [
        {
          "schema_version": 0,
          "attributes": {
            "arn": "arn:aws:acm:us-east-2:259760847234:certificate/e5702242-dd14-4109-96c0-94eadcb51696",
            "certificate_authority_arn": "",
            "certificate_body": null,
            "certificate_chain": null,
            "domain_name": "222205-backstage-poc.sandbox.squigglelines.com",
            "domain_validation_options": [
              {
                "domain_name": "222205-backstage-poc.sandbox.squigglelines.com",
                "resource_record_name": "_a7c2798f380ac6ecd213aa4b5aa6b2c8.222205-backstage-poc.sandbox.squigglelines.com.",
                "resource_record_type": "CNAME",
                "resource_record_value": "_9bc1d36e6bcf91db1d419d94c0e1c78c.rlltrpyzyf.acm-validations.aws."
              }
            ],
            "id": "arn:aws:acm:us-east-2:259760847234:certificate/e5702242-dd14-4109-96c0-94eadcb51696",
            "options": [
              {
                "certificate_transparency_logging_preference": "ENABLED"
              }
            ],
            "private_key": null,
            "status": "PENDING_VALIDATION",
            "subject_alternative_names": [],
            "tags": {
              "app-id": "222205",
              "development-team-email": "mck222@gmail.com",
              "environment": "test",
              "hal-app-id": "222205",
              "iac": "terraform",
              "infrastructure-engineer-email": "mck222@gmail.com",
              "infrastructure-team-email": "mck222@gmail.com",
              "module": "aws-acm-certificate-tf"
            },
            "validation_emails": [],
            "validation_method": "DNS"
          },
          "private": "bnVsbA==",
          "create_before_destroy": true
        }
      ]
    },
    {
      "mode": "managed",
      "type": "aws_acm_certificate_validation",
      "name": "cert",
      "provider": "provider[\"registry.terraform.io/hashicorp/aws\"]",
      "instances": [
        {
          "schema_version": 0,
          "attributes": {
            "certificate_arn": "arn:aws:acm:us-east-2:259760847234:certificate/e5702242-dd14-4109-96c0-94eadcb51696",
            "id": "2021-01-19 16:15:06 +0000 UTC",
            "timeouts": null,
            "validation_record_fqdns": null
          },
          "private": "eyJlMmJmYjczMC1lY2FhLTExZTYtOGY4OC0zNDM2M2JjN2M0YzAiOnsiY3JlYXRlIjoyNzAwMDAwMDAwMDAwfX0=",
          "dependencies": [
            "aws_acm_certificate.cert",
            "aws_route53_record.cert_validation",
            "data.aws_route53_zone.selected"
          ]
        }
      ]
    },
    {
      "mode": "managed",
      "type": "aws_route53_record",
      "name": "cert_validation",
      "provider": "provider[\"registry.terraform.io/hashicorp/aws\"]",
      "instances": [
        {
          "index_key": 0,
          "schema_version": 2,
          "attributes": {
            "alias": [],
            "allow_overwrite": true,
            "failover_routing_policy": [],
            "fqdn": "_a7c2798f380ac6ecd213aa4b5aa6b2c8.222205-backstage-poc.sandbox.squigglelines.com",
            "geolocation_routing_policy": [],
            "health_check_id": null,
            "id": "Z3FWRREHSOU50P__a7c2798f380ac6ecd213aa4b5aa6b2c8.222205-backstage-poc.sandbox.squigglelines.com._CNAME",
            "latency_routing_policy": [],
            "multivalue_answer_routing_policy": null,
            "name": "_a7c2798f380ac6ecd213aa4b5aa6b2c8.222205-backstage-poc.sandbox.squigglelines.com",
            "records": [
              "_9bc1d36e6bcf91db1d419d94c0e1c78c.rlltrpyzyf.acm-validations.aws."
            ],
            "set_identifier": null,
            "ttl": 60,
            "type": "CNAME",
            "weighted_routing_policy": [],
            "zone_id": "Z3FWRREHSOU50P"
          },
          "private": "eyJzY2hlbWFfdmVyc2lvbiI6IjIifQ==",
          "dependencies": [
            "aws_acm_certificate.cert",
            "data.aws_route53_zone.selected"
          ]
        }
      ]
    }
  ]
}
